Microsoft Visual Studio Solution File, Format Version 12.00
# Visual Studio Version 17
VisualStudioVersion = 17.5.2.0
MinimumVisualStudioVersion = 10.0.40219.1
Project("{FAE04EC0-301F-11D3-BF4B-00C04F79EFBC}") = "SyncRoom.Api", "SyncRoom.Api.csproj", "{7C573B85-73A0-7065-34F1-86BC5592F54E}"
EndProject
Global
	GlobalSection(SolutionConfigurationPlatforms) = preSolution
		Debug|Any CPU = Debug|Any CPU
		Release|Any CPU = Release|Any CPU
	EndGlobalSection
	GlobalSection(ProjectConfigurationPlatforms) = postSolution
		{7C573B85-73A0-7065-34F1-86BC5592F54E}.Debug|Any CPU.ActiveCfg = Debug|Any CPU
		{7C573B85-73A0-7065-34F1-86BC5592F54E}.Debug|Any CPU.Build.0 = Debug|Any CPU
		{7C573B85-73A0-7065-34F1-86BC5592F54E}.Release|Any CPU.ActiveCfg = Release|Any CPU
		{7C573B85-73A0-7065-34F1-86BC5592F54E}.Release|Any CPU.Build.0 = Release|Any CPU
	EndGlobalSection
	GlobalSection(SolutionProperties) = preSolution
		HideSolutionNode = FALSE
	EndGlobalSection
	GlobalSection(ExtensibilityGlobals) = postSolution
		SolutionGuid = {B6C1606E-387C-44C0-A9CE-9E5B606C35A2}
	EndGlobalSection
EndGlobal
